// !$*UTF8*$!
{
	archiveVersion = 1;
	classes = {
	};
	objectVersion = 56;
	objects = {

/* Begin PBXBuildFile section */
		7DE4A30B2CC675A400CA1AF0 /* AppDelegate.swift in Sources */ = {isa = PBXBuildFile; fileRef = 7DE4A30A2CC675A400CA1AF0 /* AppDelegate.swift */; };
		7DE4A30D2CC675A400CA1AF0 /* SceneDelegate.swift in Sources */ = {isa = PBXBuildFile; fileRef = 7DE4A30C2CC675A400CA1AF0 /* SceneDelegate.swift */; };
		7DE4A30F2CC675A400CA1AF0 /* ViewController.swift in Sources */ = {isa = PBXBuildFile; fileRef = 7DE4A30E2CC675A400CA1AF0 /* ViewController.swift */; };
		7DE4A3122CC675A400CA1AF0 /* Main.storyboard in Resources */ = {isa = PBXBuildFile; fileRef = 7DE4A3102CC675A400CA1AF0 /* Main.storyboard */; };
		7DE4A3142CC675A500CA1AF0 /* Assets.xcassets in Resources */ = {isa = PBXBuildFile; fileRef = 7DE4A3132CC675A500CA1AF0 /* Assets.xcassets */; };
		7DE4A3172CC675A500CA1AF0 /* LaunchScreen.storyboard in Resources */ = {isa = PBXBuildFile; fileRef = 7DE4A3152CC675A500CA1AF0 /* LaunchScreen.storyboard */; };
		7DE4A3222CC675A500CA1AF0 /* SearchBarAndTableViewTests.swift in Sources */ = {isa = PBXBuildFile; fileRef = 7DE4A3212CC675A500CA1AF0 /* SearchBarAndTableViewTests.swift */; };
		7DE4A32C2CC675A500CA1AF0 /* SearchBarAndTableViewUITests.swift in Sources */ = {isa = PBXBuildFile; fileRef = 7DE4A32B2CC675A500CA1AF0 /* SearchBarAndTableViewUITests.swift */; };
		7DE4A32E2CC675A500CA1AF0 /* SearchBarAndTableViewUITestsLaunchTests.swift in Sources */ = {isa = PBXBuildFile; fileRef = 7DE4A32D2CC675A500CA1AF0 /* SearchBarAndTableViewUITestsLaunchTests.swift */; };
/* End PBXBuildFile section */

/* Begin PBXContainerItemProxy section */
		7DE4A31E2CC675A500CA1AF0 /* PBXContainerItemProxy */ = {
			isa = PBXContainerItemProxy;
			containerPortal = 7DE4A2FF2CC675A400CA1AF0 /* Project object */;
			proxyType = 1;
			remoteGlobalIDString = 7DE4A3062CC675A400CA1AF0;
			remoteInfo = SearchBarAndTableView;
		};
		7DE4A3282CC675A500CA1AF0 /* PBXContainerItemProxy */ = {
			isa = PBXContainerItemProxy;
			containerPortal = 7DE4A2FF2CC675A400CA1AF0 /* Project object */;
			proxyType = 1;
			remoteGlobalIDString = 7DE4A3062CC675A400CA1AF0;
			remoteInfo = SearchBarAndTableView;
		};
/* End PBXContainerItemProxy section */

/* Begin PBXFileReference section */
		7DE4A3072CC675A400CA1AF0 /* SearchBarAndTableView.app */ = {isa = PBXFileReference; explicitFileType = wrapper.application; includeInIndex = 0; path = SearchBarAndTableView.app; sourceTree = BUILT_PRODUCTS_DIR; };
		7DE4A30A2CC675A400CA1AF0 /* AppDelegate.swift */ = {isa = PBXFileReference; lastKnownFileType = sourcecode.swift; path = AppDelegate.swift; sourceTree = "<group>"; };
		7DE4A30C2CC675A400CA1AF0 /* SceneDelegate.swift */ = {isa = PBXFileReference; lastKnownFileType = sourcecode.swift; path = SceneDelegate.swift; sourceTree = "<group>"; };
		7DE4A30E2CC675A400CA1AF0 /* ViewController.swift */ = {isa = PBXFileReference; lastKnownFileType = sourcecode.swift; path = ViewController.swift; sourceTree = "<group>"; };
		7DE4A3112CC675A400CA1AF0 /* Base */ = {isa = PBXFileReference; lastKnownFileType = file.storyboard; name = Base; path = Base.lproj/Main.storyboard; sourceTree = "<group>"; };
		7DE4A3132CC675A500CA1AF0 /* Assets.xcassets */ = {isa = PBXFileReference; lastKnownFileType = folder.assetcatalog; path = Assets.xcassets; sourceTree = "<group>"; };
		7DE4A3162CC675A500CA1AF0 /* Base */ = {isa = PBXFileReference; lastKnownFileType = file.storyboard; name = Base; path = Base.lproj/LaunchScreen.storyboard; sourceTree = "<group>"; };
		7DE4A3182CC675A500CA1AF0 /* Info.plist */ = {isa = PBXFileReference; lastKnownFileType = text.plist.xml; path = Info.plist; sourceTree = "<group>"; };
		7DE4A31D2CC675A500CA1AF0 /* SearchBarAndTableViewTests.xctest */ = {isa = PBXFileReference; explicitFileType = wrapper.cfbundle; includeInIndex = 0; path = SearchBarAndTableViewTests.xctest; sourceTree = BUILT_PRODUCTS_DIR; };
		7DE4A3212CC675A500CA1AF0 /* SearchBarAndTableViewTests.swift */ = {isa = PBXFileReference; lastKnownFileType = sourcecode.swift; path = SearchBarAndTableViewTests.swift; sourceTree = "<group>"; };
		7DE4A3272CC675A500CA1AF0 /* SearchBarAndTableViewUITests.xctest */ = {isa = PBXFileReference; explicitFileType = wrapper.cfbundle; includeInIndex = 0; path = SearchBarAndTableViewUITests.xctest; sourceTree = BUILT_PRODUCTS_DIR; };
		7DE4A32B2CC675A500CA1AF0 /* SearchBarAndTableViewUITests.swift */ = {isa = PBXFileReference; lastKnownFileType = sourcecode.swift; path = SearchBarAndTableViewUITests.swift; sourceTree = "<group>"; };
		7DE4A32D2CC675A500CA1AF0 /* SearchBarAndTableViewUITestsLaunchTests.swift */ = {isa = PBXFileReference; lastKnownFileType = sourcecode.swift; path = SearchBarAndTableViewUITestsLaunchTests.swift; sourceTree = "<group>"; };
/* End PBXFileReference section */

/* Begin PBXFrameworksBuildPhase section */
		7DE4A3042CC675A400CA1AF0 /* Frameworks */ = {
			isa = PBXFrameworksBuildPhase;
			buildActionMask = 2147483647;
			files = (
			);
			runOnlyForDeploymentPostprocessing = 0;
		};
		7DE4A31A2CC675A500CA1AF0 /* Frameworks */ = {
			isa = PBXFrameworksBuildPhase;
			buildActionMask = 2147483647;
			files = (
			);
			runOnlyForDeploymentPostprocessing = 0;
		};
		7DE4A3242CC675A500CA1AF0 /* Frameworks */ = {
			isa = PBXFrameworksBuildPhase;
			buildActionMask = 2147483647;
			files = (
			);
			runOnlyForDeploymentPostprocessing = 0;
		};
/* End PBXFrameworksBuildPhase section */

/* Begin PBXGroup section */
		7DE4A2FE2CC675A400CA1AF0 = {
			isa = PBXGroup;
			children = (
				7DE4A3092CC675A400CA1AF0 /* SearchBarAndTableView */,
				7DE4A3202CC675A500CA1AF0 /* SearchBarAndTableViewTests */,
				7DE4A32A2CC675A500CA1AF0 /* SearchBarAndTableViewUITests */,
				7DE4A3082CC675A400CA1AF0 /* Products */,
			);
			sourceTree = "<group>";
		};
		7DE4A3082CC675A400CA1AF0 /* Products */ = {
			isa = PBXGroup;
			children = (
				7DE4A3072CC675A400CA1AF0 /* SearchBarAndTableView.app */,
				7DE4A31D2CC675A500CA1AF0 /* SearchBarAndTableViewTests.xctest */,
				7DE4A3272CC675A500CA1AF0 /* SearchBarAndTableViewUITests.xctest */,
			);
			name = Products;
			sourceTree = "<group>";
		};
		7DE4A3092CC675A400CA1AF0 /* SearchBarAndTableView */ = {
			isa = PBXGroup;
			children = (
				7DE4A30A2CC675A400CA1AF0 /* AppDelegate.swift */,
				7DE4A30C2CC675A400CA1AF0 /* SceneDelegate.swift */,
				7DE4A30E2CC675A400CA1AF0 /* ViewController.swift */,
				7DE4A3102CC675A400CA1AF0 /* Main.storyboard */,
				7DE4A3132CC675A500CA1AF0 /* Assets.xcassets */,
				7DE4A3152CC675A500CA1AF0 /* LaunchScreen.storyboard */,
				7DE4A3182CC675A500CA1AF0 /* Info.plist */,
			);
			path = SearchBarAndTableView;
			sourceTree = "<group>";
		};
		7DE4A3202CC675A500CA1AF0 /* SearchBarAndTableViewTests */ = {
			isa = PBXGroup;
			children = (
				7DE4A3212CC675A500CA1AF0 /* SearchBarAndTableViewTests.swift */,
			);
			path = SearchBarAndTableViewTests;
			sourceTree = "<group>";
		};
		7DE4A32A2CC675A500CA1AF0 /* SearchBarAndTableViewUITests */ = {
			isa = PBXGroup;
			children = (
				7DE4A32B2CC675A500CA1AF0 /* SearchBarAndTableViewUITests.swift */,
				7DE4A32D2CC675A500CA1AF0 /* SearchBarAndTableViewUITestsLaunchTests.swift */,
			);
			path = SearchBarAndTableViewUITests;
			sourceTree = "<group>";
		};
/* End PBXGroup section */

/* Begin PBXNativeTarget section */
		7DE4A3062CC675A400CA1AF0 /* SearchBarAndTableView */ = {
			isa = PBXNativeTarget;
			buildConfigurationList = 7DE4A3312CC675A500CA1AF0 /* Build configuration list for PBXNativeTarget "SearchBarAndTableView" */;
			buildPhases = (
				7DE4A3032CC675A400CA1AF0 /* Sources */,
				7DE4A3042CC675A400CA1AF0 /* Frameworks */,
				7DE4A3052CC675A400CA1AF0 /* Resources */,
			);
			buildRules = (
			);
			dependencies = (
			);
			name = SearchBarAndTableView;
			productName = SearchBarAndTableView;
			productReference = 7DE4A3072CC675A400CA1AF0 /* SearchBarAndTableView.app */;
			productType = "com.apple.product-type.application";
		};
		7DE4A31C2CC675A500CA1AF0 /* SearchBarAndTableViewTests */ = {
			isa = PBXNativeTarget;
			buildConfigurationList = 7DE4A3342CC675A500CA1AF0 /* Build configuration list for PBXNativeTarget "SearchBarAndTableViewTests" */;
			buildPhases = (
				7DE4A3192CC675A500CA1AF0 /* Sources */,
				7DE4A31A2CC675A500CA1AF0 /* Frameworks */,
				7DE4A31B2CC675A500CA1AF0 /* Resources */,
			);
			buildRules = (
			);
			dependencies = (
				7DE4A31F2CC675A500CA1AF0 /* PBXTargetDependency */,
			);
			name = SearchBarAndTableViewTests;
			productName = SearchBarAndTableViewTests;
			productReference = 7DE4A31D2CC675A500CA1AF0 /* SearchBarAndTableViewTests.xctest */;
			productType = "com.apple.product-type.bundle.unit-test";
		};
		7DE4A3262CC675A500CA1AF0 /* SearchBarAndTableViewUITests */ = {
			isa = PBXNativeTarget;
			buildConfigurationList = 7DE4A3372CC675A500CA1AF0 /* Build configuration list for PBXNativeTarget "SearchBarAndTableViewUITests" */;
			buildPhases = (
				7DE4A3232CC675A500CA1AF0 /* Sources */,
				7DE4A3242CC675A500CA1AF0 /* Frameworks */,
				7DE4A3252CC675A500CA1AF0 /* Resources */,
			);
			buildRules = (
			);
			dependencies = (
				7DE4A3292CC675A500CA1AF0 /* PBXTargetDependency */,
			);
			name = SearchBarAndTableViewUITests;
			productName = SearchBarAndTableViewUITests;
			productReference = 7DE4A3272CC675A500CA1AF0 /* SearchBarAndTableViewUITests.xctest */;
			productType = "com.apple.product-type.bundle.ui-testing";
		};
/* End PBXNativeTarget section */

/* Begin PBXProject section */
		7DE4A2FF2CC675A400CA1AF0 /* Project object */ = {
			isa = PBXProject;
			attributes = {
				BuildIndependentTargetsInParallel = 1;
				LastSwiftUpdateCheck = 1510;
				LastUpgradeCheck = 1510;
				TargetAttributes = {
					7DE4A3062CC675A400CA1AF0 = {
						CreatedOnToolsVersion = 15.1;
					};
					7DE4A31C2CC675A500CA1AF0 = {
						CreatedOnToolsVersion = 15.1;
						TestTargetID = 7DE4A3062CC675A400CA1AF0;
					};
					7DE4A3262CC675A500CA1AF0 = {
						CreatedOnToolsVersion = 15.1;
						TestTargetID = 7DE4A3062CC675A400CA1AF0;
					};
				};
			};
			buildConfigurationList = 7DE4A3022CC675A400CA1AF0 /* Build configuration list for PBXProject "SearchBarAndTableView" */;
			compatibilityVersion = "Xcode 14.0";
			developmentRegion = en;
			hasScannedForEncodings = 0;
			knownRegions = (
				en,
				Base,
			);
			mainGroup = 7DE4A2FE2CC675A400CA1AF0;
			productRefGroup = 7DE4A3082CC675A400CA1AF0 /* Products */;
			projectDirPath = "";
			projectRoot = "";
			targets = (
				7DE4A3062CC675A400CA1AF0 /* SearchBarAndTableView */,
				7DE4A31C2CC675A500CA1AF0 /* SearchBarAndTableViewTests */,
				7DE4A3262CC675A500CA1AF0 /* SearchBarAndTableViewUITests */,
			);
		};
/* End PBXProject section */

/* Begin PBXResourcesBuildPhase section */
		7DE4A3052CC675A400CA1AF0 /* Resources */ = {
			isa = PBXResourcesBuildPhase;
			buildActionMask = 2147483647;
			files = (
				7DE4A3172CC675A500CA1AF0 /* LaunchScreen.storyboard in Resources */,
				7DE4A3142CC675A500CA1AF0 /* Assets.xcassets in Resources */,
				7DE4A3122CC675A400CA1AF0 /* Main.storyboard in Resources */,
			);
			runOnlyForDeploymentPostprocessing = 0;
		};
		7DE4A31B2CC675A500CA1AF0 /* Resources */ = {
			isa = PBXResourcesBuildPhase;
			buildActionMask = 2147483647;
			files = (
			);
			runOnlyForDeploymentPostprocessing = 0;
		};
		7DE4A3252CC675A500CA1AF0 /* Resources */ = {
			isa = PBXResourcesBuildPhase;
			buildActionMask = 2147483647;
			files = (
			);
			runOnlyForDeploymentPostprocessing = 0;
		};
/* End PBXResourcesBuildPhase section */

/* Begin PBXSourcesBuildPhase section */
		7DE4A3032CC675A400CA1AF0 /* Sources */ = {
			isa = PBXSourcesBuildPhase;
			buildActionMask = 2147483647;
			files = (
				7DE4A30F2CC675A400CA1AF0 /* ViewController.swift in Sources */,
				7DE4A30B2CC675A400CA1AF0 /* AppDelegate.swift in Sources */,
				7DE4A30D2CC675A400CA1AF0 /* SceneDelegate.swift in Sources */,
			);
			runOnlyForDeploymentPostprocessing = 0;
		};
		7DE4A3192CC675A500CA1AF0 /* Sources */ = {
			isa = PBXSourcesBuildPhase;
			buildActionMask = 2147483647;
			files = (
				7DE4A3222CC675A500CA1AF0 /* SearchBarAndTableViewTests.swift in Sources */,
			);
			runOnlyForDeploymentPostprocessing = 0;
		};
		7DE4A3232CC675A500CA1AF0 /* Sources */ = {
			isa = PBXSourcesBuildPhase;
			buildActionMask = 2147483647;
			files = (
				7DE4A32E2CC675A500CA1AF0 /* SearchBarAndTableViewUITestsLaunchTests.swift in Sources */,
				7DE4A32C2CC675A500CA1AF0 /* SearchBarAndTableViewUITests.swift in Sources */,
			);
			runOnlyForDeploymentPostprocessing = 0;
		};
/* End PBXSourcesBuildPhase section */

/* Begin PBXTargetDependency section */
		7DE4A31F2CC675A500CA1AF0 /* PBXTargetDependency */ = {
			isa = PBXTargetDependency;
			target = 7DE4A3062CC675A400CA1AF0 /* SearchBarAndTableView */;
			targetProxy = 7DE4A31E2CC675A500CA1AF0 /* PBXContainerItemProxy */;
		};
		7DE4A3292CC675A500CA1AF0 /* PBXTargetDependency */ = {
			isa = PBXTargetDependency;
			target = 7DE4A3062CC675A400CA1AF0 /* SearchBarAndTableView */;
			targetProxy = 7DE4A3282CC675A500CA1AF0 /* PBXContainerItemProxy */;
		};
/* End PBXTargetDependency section */

/* Begin PBXVariantGroup section */
		7DE4A3102CC675A400CA1AF0 /* Main.storyboard */ = {
			isa = PBXVariantGroup;
			children = (
				7DE4A3112CC675A400CA1AF0 /* Base */,
			);
			name = Main.storyboard;
			sourceTree = "<group>";
		};
		7DE4A3152CC675A500CA1AF0 /* LaunchScreen.storyboard */ = {
			isa = PBXVariantGroup;
			children = (
				7DE4A3162CC675A500CA1AF0 /* Base */,
			);
			name = LaunchScreen.storyboard;
			sourceTree = "<group>";
		};
/* End PBXVariantGroup section */

/* Begin XCBuildConfiguration section */
		7DE4A32F2CC675A500CA1AF0 /* Debug */ = {
			isa = XCBuildConfiguration;
			buildSettings = {
				ALWAYS_SEARCH_USER_PATHS = NO;
				ASSETCATALOG_COMPILER_GENERATE_SWIFT_ASSET_SYMBOL_EXTENSIONS = YES;
				CLANG_ANALYZER_NONNULL = YES;
				CLANG_ANALYZER_NUMBER_OBJECT_CONVERSION = YES_AGGRESSIVE;
				CLANG_CXX_LANGUAGE_STANDARD = "gnu++20";
				CLANG_ENABLE_MODULES = YES;
				CLANG_ENABLE_OBJC_ARC = YES;
				CLANG_ENABLE_OBJC_WEAK = YES;
				CLANG_WARN_BLOCK_CAPTURE_AUTORELEASING = YES;
				CLANG_WARN_BOOL_CONVERSION = YES;
				CLANG_WARN_COMMA = YES;
				CLANG_WARN_CONSTANT_CONVERSION = YES;
				CLANG_WARN_DEPRECATED_OBJC_IMPLEMENTATIONS = YES;
				CLANG_WARN_DIRECT_OBJC_ISA_USAGE = YES_ERROR;
				CLANG_WARN_DOCUMENTATION_COMMENTS = YES;
				CLANG_WARN_EMPTY_BODY = YES;
				CLANG_WARN_ENUM_CONVERSION = YES;
				CLANG_WARN_INFINITE_RECURSION = YES;
				CLANG_WARN_INT_CONVERSION = YES;
				CLANG_WARN_NON_LITERAL_NULL_CONVERSION = YES;
				CLANG_WARN_OBJC_IMPLICIT_RETAIN_SELF = YES;
				CLANG_WARN_OBJC_LITERAL_CONVERSION = YES;
				CLANG_WARN_OBJC_ROOT_CLASS = YES_ERROR;
				CLANG_WARN_QUOTED_INCLUDE_IN_FRAMEWORK_HEADER = YES;
				CLANG_WARN_RANGE_LOOP_ANALYSIS = YES;
				CLANG_WARN_STRICT_PROTOTYPES = YES;
				CLANG_WARN_SUSPICIOUS_MOVE = YES;
				CLANG_WARN_UNGUARDED_AVAILABILITY = YES_AGGRESSIVE;
				CLANG_WARN_UNREACHABLE_CODE = YES;
				CLANG_WARN__DUPLICATE_METHOD_MATCH = YES;
				COPY_PHASE_STRIP = NO;
				DEBUG_INFORMATION_FORMAT = dwarf;
				ENABLE_STRICT_OBJC_MSGSEND = YES;
				ENABLE_TESTABILITY = YES;
				ENABLE_USER_SCRIPT_SANDBOXING = YES;
				GCC_C_LANGUAGE_STANDARD = gnu17;
				GCC_DYNAMIC_NO_PIC = NO;
				GCC_NO_COMMON_BLOCKS = YES;
				GCC_OPTIMIZATION_LEVEL = 0;
				GCC_PREPROCESSOR_DEFINITIONS = (
					"DEBUG=1",
					"$(inherited)",
				);
				GCC_WARN_64_TO_32_BIT_CONVERSION = YES;
				GCC_WARN_ABOUT_RETURN_TYPE = YES_ERROR;
				GCC_WARN_UNDECLARED_SELECTOR = YES;
				GCC_WARN_UNINITIALIZED_AUTOS = YES_AGGRESSIVE;
				GCC_WARN_UNUSED_FUNCTION = YES;
				GCC_WARN_UNUSED_VARIABLE = YES;
				IPHONEOS_DEPLOYMENT_TARGET = 17.2;
				LOCALIZATION_PREFERS_STRING_CATALOGS = YES;
				MTL_ENABLE_DEBUG_INFO = INCLUDE_SOURCE;
				MTL_FAST_MATH = YES;
				ONLY_ACTIVE_ARCH = YES;
				SDKROOT = iphoneos;
				SWIFT_ACTIVE_COMPILATION_CONDITIONS = "DEBUG $(inherited)";
				SWIFT_OPTIMIZATION_LEVEL = "-Onone";
			};
			name = Debug;
		};
		7DE4A3302CC675A500CA1AF0 /* Release */ = {
			isa = XCBuildConfiguration;
			buildSettings = {
				ALWAYS_SEARCH_USER_PATHS = NO;
				ASSETCATALOG_COMPILER_GENERATE_SWIFT_ASSET_SYMBOL_EXTENSIONS = YES;
				CLANG_ANALYZER_NONNULL = YES;
				CLANG_ANALYZER_NUMBER_OBJECT_CONVERSION = YES_AGGRESSIVE;
				CLANG_CXX_LANGUAGE_STANDARD = "gnu++20";
				CLANG_ENABLE_MODULES = YES;
				CLANG_ENABLE_OBJC_ARC = YES;
				CLANG_ENABLE_OBJC_WEAK = YES;
				CLANG_WARN_BLOCK_CAPTURE_AUTORELEASING = YES;
				CLANG_WARN_BOOL_CONVERSION = YES;
				CLANG_WARN_COMMA = YES;
				CLANG_WARN_CONSTANT_CONVERSION = YES;
				CLANG_WARN_DEPRECATED_OBJC_IMPLEMENTATIONS = YES;
				CLANG_WARN_DIRECT_OBJC_ISA_USAGE = YES_ERROR;
				CLANG_WARN_DOCUMENTATION_COMMENTS = YES;
				CLANG_WARN_EMPTY_BODY = YES;
				CLANG_WARN_ENUM_CONVERSION = YES;
				CLANG_WARN_INFINITE_RECURSION = YES;
				CLANG_WARN_INT_CONVERSION = YES;
				CLANG_WARN_NON_LITERAL_NULL_CONVERSION = YES;
				CLANG_WARN_OBJC_IMPLICIT_RETAIN_SELF = YES;
				CLANG_WARN_OBJC_LITERAL_CONVERSION = YES;
				CLANG_WARN_OBJC_ROOT_CLASS = YES_ERROR;
				CLANG_WARN_QUOTED_INCLUDE_IN_FRAMEWORK_HEADER = YES;
				CLANG_WARN_RANGE_LOOP_ANALYSIS = YES;
				CLANG_WARN_STRICT_PROTOTYPES = YES;
				CLANG_WARN_SUSPICIOUS_MOVE = YES;
				CLANG_WARN_UNGUARDED_AVAILABILITY = YES_AGGRESSIVE;
				CLANG_WARN_UNREACHABLE_CODE = YES;
				CLANG_WARN__DUPLICATE_METHOD_MATCH = YES;
				COPY_PHASE_STRIP = NO;
				DEBUG_INFORMATION_FORMAT = "dwarf-with-dsym";
				ENABLE_NS_ASSERTIONS = NO;
				ENABLE_STRICT_OBJC_MSGSEND = YES;
				ENABLE_USER_SCRIPT_SANDBOXING = YES;
				GCC_C_LANGUAGE_STANDARD = gnu17;
				GCC_NO_COMMON_BLOCKS = YES;
				GCC_WARN_64_TO_32_BIT_CONVERSION = YES;
				GCC_WARN_ABOUT_RETURN_TYPE = YES_ERROR;
				GCC_WARN_UNDECLARED_SELECTOR = YES;
				GCC_WARN_UNINITIALIZED_AUTOS = YES_AGGRESSIVE;
				GCC_WARN_UNUSED_FUNCTION = YES;
				GCC_WARN_UNUSED_VARIABLE = YES;
				IPHONEOS_DEPLOYMENT_TARGET = 17.2;
				LOCALIZATION_PREFERS_STRING_CATALOGS = YES;
				MTL_ENABLE_DEBUG_INFO = NO;
				MTL_FAST_MATH = YES;
				SDKROOT = iphoneos;
				SWIFT_COMPILATION_MODE = wholemodule;
				VALIDATE_PRODUCT = YES;
			};
			name = Release;
		};
		7DE4A3322CC675A500CA1AF0 /* Debug */ = {
			isa = XCBuildConfiguration;
			buildSettings = {
				ASSETCATALOG_COMPILER_APPICON_NAME = AppIcon;
				ASSETCATALOG_COMPILER_GLOBAL_ACCENT_COLOR_NAME = AccentColor;
				CODE_SIGN_STYLE = Automatic;
				CURRENT_PROJECT_VERSION = 1;
				GENERATE_INFOPLIST_FILE = YES;
				INFOPLIST_FILE = SearchBarAndTableView/Info.plist;
				INFOPLIST_KEY_UIApplicationSupportsIndirectInputEvents = YES;
				INFOPLIST_KEY_UILaunchStoryboardName = LaunchScreen;
				INFOPLIST_KEY_UIMainStoryboardFile = Main;
				INFOPLIST_KEY_UISupportedInterfaceOrientations_iPad = "UIInterfaceOrientationPortrait UIInterfaceOrientationPortraitUpsideDown UIInterfaceOrientationLandscapeLeft UIInterfaceOrientationLandscapeRight";
				INFOPLIST_KEY_UISupportedInterfaceOrientations_iPhone = "UIInterfaceOrientationPortrait UIInterfaceOrientationLandscapeLeft UIInterfaceOrientationLandscapeRight";
				LD_RUNPATH_SEARCH_PATHS = (
					"$(inherited)",
					"@executable_path/Frameworks",
				);
				MARKETING_VERSION = 1.0;
				PRODUCT_BUNDLE_IDENTIFIER = com.SearchBarAndTableView;
				PRODUCT_NAME = "$(TARGET_NAME)";
				SWIFT_EMIT_LOC_STRINGS = YES;
				SWIFT_VERSION = 5.0;
				TARGETED_DEVICE_FAMILY = "1,2";
			};
			name = Debug;
		};
		7DE4A3332CC675A500CA1AF0 /* Release */ = {
			isa = XCBuildConfiguration;
			buildSettings = {
				ASSETCATALOG_COMPILER_APPICON_NAME = AppIcon;
				ASSETCATALOG_COMPILER_GLOBAL_ACCENT_COLOR_NAME = AccentColor;
				CODE_SIGN_STYLE = Automatic;
				CURRENT_PROJECT_VERSION = 1;
				GENERATE_INFOPLIST_FILE = YES;
				INFOPLIST_FILE = SearchBarAndTableView/Info.plist;
				INFOPLIST_KEY_UIApplicationSupportsIndirectInputEvents = YES;
				INFOPLIST_KEY_UILaunchStoryboardName = LaunchScreen;
				INFOPLIST_KEY_UIMainStoryboardFile = Main;
				INFOPLIST_KEY_UISupportedInterfaceOrientations_iPad = "UIInterfaceOrientationPortrait UIInterfaceOrientationPortraitUpsideDown UIInterfaceOrientationLandscapeLeft UIInterfaceOrientationLandscapeRight";
				INFOPLIST_KEY_UISupportedInterfaceOrientations_iPhone = "UIInterfaceOrientationPortrait UIInterfaceOrientationLandscapeLeft UIInterfaceOrientationLandscapeRight";
				LD_RUNPATH_SEARCH_PATHS = (
					"$(inherited)",
					"@executable_path/Frameworks",
				);
				MARKETING_VERSION = 1.0;
				PRODUCT_BUNDLE_IDENTIFIER = com.SearchBarAndTableView;
				PRODUCT_NAME = "$(TARGET_NAME)";
				SWIFT_EMIT_LOC_STRINGS = YES;
				SWIFT_VERSION = 5.0;
				TARGETED_DEVICE_FAMILY = "1,2";
			};
			name = Release;
		};
		7DE4A3352CC675A500CA1AF0 /* Debug */ = {
			isa = XCBuildConfiguration;
			buildSettings = {
				ALWAYS_EMBED_SWIFT_STANDARD_LIBRARIES = YES;
				BUNDLE_LOADER = "$(TEST_HOST)";
				CODE_SIGN_STYLE = Automatic;
				CURRENT_PROJECT_VERSION = 1;
				GENERATE_INFOPLIST_FILE = YES;
				IPHONEOS_DEPLOYMENT_TARGET = 17.2;
				MARKETING_VERSION = 1.0;
				PRODUCT_BUNDLE_IDENTIFIER = com.SearchBarAndTableViewTests;
				PRODUCT_NAME = "$(TARGET_NAME)";
				SWIFT_EMIT_LOC_STRINGS = NO;
				SWIFT_VERSION = 5.0;
				TARGETED_DEVICE_FAMILY = "1,2";
				TEST_HOST = "$(BUILT_PRODUCTS_DIR)/SearchBarAndTableView.app/$(BUNDLE_EXECUTABLE_FOLDER_PATH)/SearchBarAndTableView";
			};
			name = Debug;
		};
		7DE4A3362CC675A500CA1AF0 /* Release */ = {
			isa = XCBuildConfiguration;
			buildSettings = {
				ALWAYS_EMBED_SWIFT_STANDARD_LIBRARIES = YES;
				BUNDLE_LOADER = "$(TEST_HOST)";
				CODE_SIGN_STYLE = Automatic;
				CURRENT_PROJECT_VERSION = 1;
				GENERATE_INFOPLIST_FILE = YES;
				IPHONEOS_DEPLOYMENT_TARGET = 17.2;
				MARKETING_VERSION = 1.0;
				PRODUCT_BUNDLE_IDENTIFIER = com.SearchBarAndTableViewTests;
				PRODUCT_NAME = "$(TARGET_NAME)";
				SWIFT_EMIT_LOC_STRINGS = NO;
				SWIFT_VERSION = 5.0;
				TARGETED_DEVICE_FAMILY = "1,2";
				TEST_HOST = "$(BUILT_PRODUCTS_DIR)/SearchBarAndTableView.app/$(BUNDLE_EXECUTABLE_FOLDER_PATH)/SearchBarAndTableView";
			};
			name = Release;
		};
		7DE4A3382CC675A500CA1AF0 /* Debug */ = {
			isa = XCBuildConfiguration;
			buildSettings = {
				ALWAYS_EMBED_SWIFT_STANDARD_LIBRARIES = YES;
				CODE_SIGN_STYLE = Automatic;
				CURRENT_PROJECT_VERSION = 1;
				GENERATE_INFOPLIST_FILE = YES;
				MARKETING_VERSION = 1.0;
				PRODUCT_BUNDLE_IDENTIFIER = com.SearchBarAndTableViewUITests;
				PRODUCT_NAME = "$(TARGET_NAME)";
				SWIFT_EMIT_LOC_STRINGS = NO;
				SWIFT_VERSION = 5.0;
				TARGETED_DEVICE_FAMILY = "1,2";
				TEST_TARGET_NAME = SearchBarAndTableView;
			};
			name = Debug;
		};
		7DE4A3392CC675A500CA1AF0 /* Release */ = {
			isa = XCBuildConfiguration;
			buildSettings = {
				ALWAYS_EMBED_SWIFT_STANDARD_LIBRARIES = YES;
				CODE_SIGN_STYLE = Automatic;
				CURRENT_PROJECT_VERSION = 1;
				GENERATE_INFOPLIST_FILE = YES;
				MARKETING_VERSION = 1.0;
				PRODUCT_BUNDLE_IDENTIFIER = com.SearchBarAndTableViewUITests;
				PRODUCT_NAME = "$(TARGET_NAME)";
				SWIFT_EMIT_LOC_STRINGS = NO;
				SWIFT_VERSION = 5.0;
				TARGETED_DEVICE_FAMILY = "1,2";
				TEST_TARGET_NAME = SearchBarAndTableView;
			};
			name = Release;
		};
/* End XCBuildConfiguration section */

/* Begin XCConfigurationList section */
		7DE4A3022CC675A400CA1AF0 /* Build configuration list for PBXProject "SearchBarAndTableView" */ = {
			isa = XCConfigurationList;
			buildConfigurations = (
				7DE4A32F2CC675A500CA1AF0 /* Debug */,
				7DE4A3302CC675A500CA1AF0 /* Release */,
			);
			defaultConfigurationIsVisible = 0;
			defaultConfigurationName = Release;
		};
		7DE4A3312CC675A500CA1AF0 /* Build configuration list for PBXNativeTarget "SearchBarAndTableView" */ = {
			isa = XCConfigurationList;
			buildConfigurations = (
				7DE4A3322CC675A500CA1AF0 /* Debug */,
				7DE4A3332CC675A500CA1AF0 /* Release */,
			);
			defaultConfigurationIsVisible = 0;
			defaultConfigurationName = Release;
		};
		7DE4A3342CC675A500CA1AF0 /* Build configuration list for PBXNativeTarget "SearchBarAndTableViewTests" */ = {
			isa = XCConfigurationList;
			buildConfigurations = (
				7DE4A3352CC675A500CA1AF0 /* Debug */,
				7DE4A3362CC675A500CA1AF0 /* Release */,
			);
			defaultConfigurationIsVisible = 0;
			defaultConfigurationName = Release;
		};
		7DE4A3372CC675A500CA1AF0 /* Build configuration list for PBXNativeTarget "SearchBarAndTableViewUITests" */ = {
			isa = XCConfigurationList;
			buildConfigurations = (
				7DE4A3382CC675A500CA1AF0 /* Debug */,
				7DE4A3392CC675A500CA1AF0 /* Release */,
			);
			defaultConfigurationIsVisible = 0;
			defaultConfigurationName = Release;
		};
/* End XCConfigurationList section */
	};
	rootObject = 7DE4A2FF2CC675A400CA1AF0 /* Project object */;
}
